// !$*UTF8*$!
{
	archiveVersion = 1;
	classes = {
	};
	objectVersion = 46;
	objects = {

/* Begin PBXBuildFile section */
		2879EFAA1ECFF7B5008CEADC /* AppDelegate.swift in Sources */ = {isa = PBXBuildFile; fileRef = 2879EFA91ECFF7B5008CEADC /* AppDelegate.swift */; };
		2879EFAC1ECFF7B5008CEADC /* ViewController.swift in Sources */ = {isa = PBXBuildFile; fileRef = 2879EFAB1ECFF7B5008CEADC /* ViewController.swift */; };
		2879EFAF1ECFF7B5008CEADC /* Main.storyboard in Resources */ = {isa = PBXBuildFile; fileRef = 2879EFAD1ECFF7B5008CEADC /* Main.storyboard */; };
		2879EFB21ECFF7B5008CEADC /* Sound_Board.xcdatamodeld in Sources */ = {isa = PBXBuildFile; fileRef = 2879EFB01ECFF7B5008CEADC /* Sound_Board.xcdatamodeld */; };
		2879EFB41ECFF7B5008CEADC /* Assets.xcassets in Resources */ = {isa = PBXBuildFile; fileRef = 2879EFB31ECFF7B5008CEADC /* Assets.xcassets */; };
		2879EFB71ECFF7B5008CEADC /* LaunchScreen.storyboard in Resources */ = {isa = PBXBuildFile; fileRef = 2879EFB51ECFF7B5008CEADC /* LaunchScreen.storyboard */; };
		2879EFBF1ECFFC46008CEADC /* SoundViewController.swift in Sources */ = {isa = PBXBuildFile; fileRef = 2879EFBE1ECFFC46008CEADC /* SoundViewController.swift */; };
/* End PBXBuildFile section */

/* Begin PBXFileReference section */
		2879EFA61ECFF7B5008CEADC /* Sound Board.app */ = {isa = PBXFileReference; explicitFileType = wrapper.application; includeInIndex = 0; path = "Sound Board.app"; sourceTree = BUILT_PRODUCTS_DIR; };
		2879EFA91ECFF7B5008CEADC /* AppDelegate.swift */ = {isa = PBXFileReference; lastKnownFileType = sourcecode.swift; path = AppDelegate.swift; sourceTree = "<group>"; };
		2879EFAB1ECFF7B5008CEADC /* ViewController.swift */ = {isa = PBXFileReference; lastKnownFileType = sourcecode.swift; path = ViewController.swift; sourceTree = "<group>"; };
		2879EFAE1ECFF7B5008CEADC /* Base */ = {isa = PBXFileReference; lastKnownFileType = file.storyboard; name = Base; path = Base.lproj/Main.storyboard; sourceTree = "<group>"; };
		2879EFB11ECFF7B5008CEADC /* Sound_Board.xcdatamodel */ = {isa = PBXFileReference; lastKnownFileType = wrapper.xcdatamodel; path = Sound_Board.xcdatamodel; sourceTree = "<group>"; };
		2879EFB31ECFF7B5008CEADC /* Assets.xcassets */ = {isa = PBXFileReference; lastKnownFileType = folder.assetcatalog; path = Assets.xcassets; sourceTree = "<group>"; };
		2879EFB61ECFF7B5008CEADC /* Base */ = {isa = PBXFileReference; lastKnownFileType = file.storyboard; name = Base; path = Base.lproj/LaunchScreen.storyboard; sourceTree = "<group>"; };
		2879EFB81ECFF7B5008CEADC /* Info.plist */ = {isa = PBXFileReference; lastKnownFileType = text.plist.xml; path = Info.plist; sourceTree = "<group>"; };
		2879EFBE1ECFFC46008CEADC /* SoundViewController.swift */ = {isa = PBXFileReference; fileEncoding = 4; lastKnownFileType = sourcecode.swift; path = SoundViewController.swift; sourceTree = "<group>"; };
/* End PBXFileReference section */

/* Begin PBXFrameworksBuildPhase section */
		2879EFA31ECFF7B5008CEADC /* Frameworks */ = {
			isa = PBXFrameworksBuildPhase;
			buildActionMask = 2147483647;
			files = (
			);
			runOnlyForDeploymentPostprocessing = 0;
		};
/* End PBXFrameworksBuildPhase section */

/* Begin PBXGroup section */
		2879EF9D1ECFF7B5008CEADC = {
			isa = PBXGroup;
			children = (
				2879EFA81ECFF7B5008CEADC /* Sound Board */,
				2879EFA71ECFF7B5008CEADC /* Products */,
			);
			sourceTree = "<group>";
		};
		2879EFA71ECFF7B5008CEADC /* Products */ = {
			isa = PBXGroup;
			children = (
				2879EFA61ECFF7B5008CEADC /* Sound Board.app */,
			);
			name = Products;
			sourceTree = "<group>";
		};
		2879EFA81ECFF7B5008CEADC /* Sound Board */ = {
			isa = PBXGroup;
			children = (
				2879EFA91ECFF7B5008CEADC /* AppDelegate.swift */,
				2879EFAB1ECFF7B5008CEADC /* ViewController.swift */,
				2879EFBE1ECFFC46008CEADC /* SoundViewController.swift */,
				2879EFAD1ECFF7B5008CEADC /* Main.storyboard */,
				2879EFB31ECFF7B5008CEADC /* Assets.xcassets */,
				2879EFB51ECFF7B5008CEADC /* LaunchScreen.storyboard */,
				2879EFB81ECFF7B5008CEADC /* Info.plist */,
				2879EFB01ECFF7B5008CEADC /* Sound_Board.xcdatamodeld */,
			);
			path = "Sound Board";
			sourceTree = "<group>";
		};
/* End PBXGroup section */

/* Begin PBXNativeTarget section */
		2879EFA51ECFF7B5008CEADC /* Sound Board */ = {
			isa = PBXNativeTarget;
			buildConfigurationList = 2879EFBB1ECFF7B5008CEADC /* Build configuration list for PBXNativeTarget "Sound Board" */;
			buildPhases = (
				2879EFA21ECFF7B5008CEADC /* Sources */,
				2879EFA31ECFF7B5008CEADC /* Frameworks */,
				2879EFA41ECFF7B5008CEADC /* Resources */,
			);
			buildRules = (
			);
			dependencies = (
			);
			name = "Sound Board";
			productName = "Sound Board";
			productReference = 2879EFA61ECFF7B5008CEADC /* Sound Board.app */;
			productType = "com.apple.product-type.application";
		};
/* End PBXNativeTarget section */

/* Begin PBXProject section */
		2879EF9E1ECFF7B5008CEADC /* Project object */ = {
			isa = PBXProject;
			attributes = {
				LastSwiftUpdateCheck = 0830;
				LastUpgradeCheck = 0830;
				ORGANIZATIONNAME = "Dung Pham";
				TargetAttributes = {
					2879EFA51ECFF7B5008CEADC = {
						CreatedOnToolsVersion = 8.3.2;
						DevelopmentTeam = KY568F6DG9;
						ProvisioningStyle = Automatic;
					};
				};
			};
			buildConfigurationList = 2879EFA11ECFF7B5008CEADC /* Build configuration list for PBXProject "Sound Board" */;
			compatibilityVersion = "Xcode 3.2";
			developmentRegion = English;
			hasScannedForEncodings = 0;
			knownRegions = (
				en,
				Base,
			);
			mainGroup = 2879EF9D1ECFF7B5008CEADC;
			productRefGroup = 2879EFA71ECFF7B5008CEADC /* Products */;
			projectDirPath = "";
			projectRoot = "";
			targets = (
				2879EFA51ECFF7B5008CEADC /* Sound Board */,
			);
		};
/* End PBXProject section */

/* Begin PBXResourcesBuildPhase section */
		2879EFA41ECFF7B5008CEADC /* Resources */ = {
			isa = PBXResourcesBuildPhase;
			buildActionMask = 2147483647;
			files = (
				2879EFB71ECFF7B5008CEADC /* LaunchScreen.storyboard in Resources */,
				2879EFB41ECFF7B5008CEADC /* Assets.xcassets in Resources */,
				2879EFAF1ECFF7B5008CEADC /* Main.storyboard in Resources */,
			);
			runOnlyForDeploymentPostprocessing = 0;
		};
/* End PBXResourcesBuildPhase section */

/* Begin PBXSourcesBuildPhase section */
		2879EFA21ECFF7B5008CEADC /* Sources */ = {
			isa = PBXSourcesBuildPhase;
			buildActionMask = 2147483647;
			files = (
				2879EFBF1ECFFC46008CEADC /* SoundViewController.swift in Sources */,
				2879EFB21ECFF7B5008CEADC /* Sound_Board.xcdatamodeld in Sources */,
				2879EFAC1ECFF7B5008CEADC /* ViewController.swift in Sources */,
				2879EFAA1ECFF7B5008CEADC /* AppDelegate.swift in Sources */,
			);
			runOnlyForDeploymentPostprocessing = 0;
		};
/* End PBXSourcesBuildPhase section */

/* Begin PBXVariantGroup section */
		2879EFAD1ECFF7B5008CEADC /* Main.storyboard */ = {
			isa = PBXVariantGroup;
			children = (
				2879EFAE1ECFF7B5008CEADC /* Base */,
			);
			name = Main.storyboard;
			sourceTree = "<group>";
		};
		2879EFB51ECFF7B5008CEADC /* LaunchScreen.storyboard */ = {
			isa = PBXVariantGroup;
			children = (
				2879EFB61ECFF7B5008CEADC /* Base */,
			);
			name = LaunchScreen.storyboard;
			sourceTree = "<group>";
		};
/* End PBXVariantGroup section */

/* Begin XCBuildConfiguration section */
		2879EFB91ECFF7B5008CEADC /* Debug */ = {
			isa = XCBuildConfiguration;
			buildSettings = {
				ALWAYS_SEARCH_USER_PATHS = NO;
				CLANG_ANALYZER_NONNULL = YES;
				CLANG_ANALYZER_NUMBER_OBJECT_CONVERSION = YES_AGGRESSIVE;
				CLANG_CXX_LANGUAGE_STANDARD = "gnu++0x";
				CLANG_CXX_LIBRARY = "libc++";
				CLANG_ENABLE_MODULES = YES;
				CLANG_ENABLE_OBJC_ARC = YES;
				CLANG_WARN_BOOL_CONVERSION = YES;
				CLANG_WARN_CONSTANT_CONVERSION = YES;
				CLANG_WARN_DIRECT_OBJC_ISA_USAGE = YES_ERROR;
				CLANG_WARN_DOCUMENTATION_COMMENTS = YES;
				CLANG_WARN_EMPTY_BODY = YES;
				CLANG_WARN_ENUM_CONVERSION = YES;
				CLANG_WARN_INFINITE_RECURSION = YES;
				CLANG_WARN_INT_CONVERSION = YES;
				CLANG_WARN_OBJC_ROOT_CLASS = YES_ERROR;
				CLANG_WARN_SUSPICIOUS_MOVE = YES;
				CLANG_WARN_UNREACHABLE_CODE = YES;
				CLANG_WARN__DUPLICATE_METHOD_MATCH = YES;
				"CODE_SIGN_IDENTITY[sdk=iphoneos*]" = "iPhone Developer";
				COPY_PHASE_STRIP = NO;
				DEBUG_INFORMATION_FORMAT = dwarf;
				ENABLE_STRICT_OBJC_MSGSEND = YES;
				ENABLE_TESTABILITY = YES;
				GCC_C_LANGUAGE_STANDARD = gnu99;
				GCC_DYNAMIC_NO_PIC = NO;
				GCC_NO_COMMON_BLOCKS = YES;
				GCC_OPTIMIZATION_LEVEL = 0;
				GCC_PREPROCESSOR_DEFINITIONS = (
					"DEBUG=1",
					"$(inherited)",
				);
				GCC_WARN_64_TO_32_BIT_CONVERSION = YES;
				GCC_WARN_ABOUT_RETURN_TYPE = YES_ERROR;
				GCC_WARN_UNDECLARED_SELECTOR = YES;
				GCC_WARN_UNINITIALIZED_AUTOS = YES_AGGRESSIVE;
				GCC_WARN_UNUSED_FUNCTION = YES;
				GCC_WARN_UNUSED_VARIABLE = YES;
				IPHONEOS_DEPLOYMENT_TARGET = 10.3;
				MTL_ENABLE_DEBUG_INFO = YES;
				ONLY_ACTIVE_ARCH = YES;
				SDKROOT = iphoneos;
				SWIFT_ACTIVE_COMPILATION_CONDITIONS = DEBUG;
				SWIFT_OPTIMIZATION_LEVEL = "-Onone";
				TARGETED_DEVICE_FAMILY = "1,2";
			};
			name = Debug;
		};
		2879EFBA1ECFF7B5008CEADC /* Release */ = {
			isa = XCBuildConfiguration;
			buildSettings = {
				ALWAYS_SEARCH_USER_PATHS = NO;
				CLANG_ANALYZER_NONNULL = YES;
				CLANG_ANALYZER_NUMBER_OBJECT_CONVERSION = YES_AGGRESSIVE;
				CLANG_CXX_LANGUAGE_STANDARD = "gnu++0x";
				CLANG_CXX_LIBRARY = "libc++";
				CLANG_ENABLE_MODULES = YES;
				CLANG_ENABLE_OBJC_ARC = YES;
				CLANG_WARN_BOOL_CONVERSION = YES;
				CLANG_WARN_CONSTANT_CONVERSION = YES;
				CLANG_WARN_DIRECT_OBJC_ISA_USAGE = YES_ERROR;
				CLANG_WARN_DOCUMENTATION_COMMENTS = YES;
				CLANG_WARN_EMPTY_BODY = YES;
				CLANG_WARN_ENUM_CONVERSION = YES;
				CLANG_WARN_INFINITE_RECURSION = YES;
				CLANG_WARN_INT_CONVERSION = YES;
				CLANG_WARN_OBJC_ROOT_CLASS = YES_ERROR;
				CLANG_WARN_SUSPICIOUS_MOVE = YES;
				CLANG_WARN_UNREACHABLE_CODE = YES;
				CLANG_WARN__DUPLICATE_METHOD_MATCH = YES;
				"CODE_SIGN_IDENTITY[sdk=iphoneos*]" = "iPhone Developer";
				COPY_PHASE_STRIP = NO;
				DEBUG_INFORMATION_FORMAT = "dwarf-with-dsym";
				ENABLE_NS_ASSERTIONS = NO;
				ENABLE_STRICT_OBJC_MSGSEND = YES;
				GCC_C_LANGUAGE_STANDARD = gnu99;
				GCC_NO_COMMON_BLOCKS = YES;
				GCC_WARN_64_TO_32_BIT_CONVERSION = YES;
				GCC_WARN_ABOUT_RETURN_TYPE = YES_ERROR;
				GCC_WARN_UNDECLARED_SELECTOR = YES;
				GCC_WARN_UNINITIALIZED_AUTOS = YES_AGGRESSIVE;
				GCC_WARN_UNUSED_FUNCTION = YES;
				GCC_WARN_UNUSED_VARIABLE = YES;
				IPHONEOS_DEPLOYMENT_TARGET = 10.3;
				MTL_ENABLE_DEBUG_INFO = NO;
				SDKROOT = iphoneos;
				SWIFT_OPTIMIZATION_LEVEL = "-Owholemodule";
				TARGETED_DEVICE_FAMILY = "1,2";
				VALIDATE_PRODUCT = YES;
			};
			name = Release;
		};
		2879EFBC1ECFF7B5008CEADC /* Debug */ = {
			isa = XCBuildConfiguration;
			buildSettings = {
				ASSETCATALOG_COMPILER_APPICON_NAME = AppIcon;
				DEVELOPMENT_TEAM = KY568F6DG9;
				INFOPLIST_FILE = "Sound Board/Info.plist";
				LD_RUNPATH_SEARCH_PATHS = "$(inherited) @executable_path/Frameworks";
				PRODUCT_BUNDLE_IDENTIFIER = "com.developer.Sound-Board";
				PRODUCT_NAME = "$(TARGET_NAME)";
				SWIFT_VERSION = 3.0;
			};
			name = Debug;
		};
		2879EFBD1ECFF7B5008CEADC /* Release */ = {
			isa = XCBuildConfiguration;
			buildSettings = {
				ASSETCATALOG_COMPILER_APPICON_NAME = AppIcon;
				DEVELOPMENT_TEAM = KY568F6DG9;
				INFOPLIST_FILE = "Sound Board/Info.plist";
				LD_RUNPATH_SEARCH_PATHS = "$(inherited) @executable_path/Frameworks";
				PRODUCT_BUNDLE_IDENTIFIER = "com.developer.Sound-Board";
				PRODUCT_NAME = "$(TARGET_NAME)";
				SWIFT_VERSION = 3.0;
			};
			name = Release;
		};
/* End XCBuildConfiguration section */

/* Begin XCConfigurationList section */
		2879EFA11ECFF7B5008CEADC /* Build configuration list for PBXProject "Sound Board" */ = {
			isa = XCConfigurationList;
			buildConfigurations = (
				2879EFB91ECFF7B5008CEADC /* Debug */,
				2879EFBA1ECFF7B5008CEADC /* Release */,
			);
			defaultConfigurationIsVisible = 0;
			defaultConfigurationName = Release;
		};
		2879EFBB1ECFF7B5008CEADC /* Build configuration list for PBXNativeTarget "Sound Board" */ = {
			isa = XCConfigurationList;
			buildConfigurations = (
				2879EFBC1ECFF7B5008CEADC /* Debug */,
				2879EFBD1ECFF7B5008CEADC /* Release */,
			);
			defaultConfigurationIsVisible = 0;
			defaultConfigurationName = Release;
		};
/* End XCConfigurationList section */

/* Begin XCVersionGroup section */
		2879EFB01ECFF7B5008CEADC /* Sound_Board.xcdatamodeld */ = {
			isa = XCVersionGroup;
			children = (
				2879EFB11ECFF7B5008CEADC /* Sound_Board.xcdatamodel */,
			);
			currentVersion = 2879EFB11ECFF7B5008CEADC /* Sound_Board.xcdatamodel */;
			path = Sound_Board.xcdatamodeld;
			sourceTree = "<group>";
			versionGroupType = wrapper.xcdatamodel;
		};
/* End XCVersionGroup section */
	};
	rootObject = 2879EF9E1ECFF7B5008CEADC /* Project object */;
}
